# This file is autogenerated, do not edit; changes may be undone by the next 'dep ensure'.


[[projects]]
  name = "github.com/gin-contrib/cors"
  packages = ["."]
  revision = "cf4846e6a636a76237a28d9286f163c132e841bc"
  version = "v1.2"

[[projects]]
  branch = "master"
  name = "github.com/gin-contrib/gzip"
  packages = ["."]
  revision = "4fbfcc6122759afed2efbc762c4c41164a403951"

[[projects]]
  branch = "master"
  name = "github.com/gin-contrib/sse"
  packages = ["."]
  revision = "22d885f9ecc78bf4ee5d72b937e4bbcdc58e8cae"

[[projects]]
  name = "github.com/gin-gonic/gin"
  packages = [
    ".",
    "binding",
    "render"
  ]
  revision = "d459835d2b077e44f7c9b453505ee29881d5d12d"
  version = "v1.2"

[[projects]]
  name = "github.com/golang/protobuf"
  packages = ["proto"]
  revision = "5a0f697c9ed9d68fef0116532c6e05cfeae00e55"

[[projects]]
  name = "github.com/jinzhu/gorm"
  packages = [
    ".",
    "dialects/postgres"
  ]
  revision = "6ed508ec6a4ecb3531899a69cbc746ccf65a4166"
  version = "v1.9.1"

[[projects]]
  branch = "master"
  name = "github.com/jinzhu/inflection"
  packages = ["."]
  revision = "04140366298a54a039076d798123ffa108fff46c"

[[projects]]
  branch = "master"
  name = "github.com/lib/pq"
  packages = [
    ".",
    "hstore",
    "oid"
  ]
  revision = "d34b9ff171c21ad295489235aec8b6626023cd04"

[[projects]]
  name = "github.com/mattn/go-isatty"
  packages = ["."]
  revision = "57fdcb988a5c543893cc61bce354a6e24ab70022"

[[projects]]
  name = "github.com/ugorji/go"
  packages = ["codec"]
  revision = "c88ee250d0221a57af388746f5cf03768c21d6e2"

[[projects]]
  branch = "master"
  name = "golang.org/x/crypto"
  packages = [
    "bcrypt",
    "blowfish"
  ]
  revision = "2d027ae1dddd4694d54f7a8b6cbe78dca8720226"

[[projects]]
  branch = "master"
  name = "golang.org/x/sys"
  packages = ["unix"]
  revision = "d0faeb539838e250bd0a9db4182d48d4a1915181"

[[projects]]
  name = "gopkg.in/go-playground/validator.v8"
  packages = ["."]
  revision = "5f57d2222ad794d0dffb07e664ea05e2ee07d60c"
  version = "v8.18.1"

[[projects]]
  name = "gopkg.in/yaml.v2"
  packages = ["."]
  revision = "a5b47d31c556af34a302ce5d659e6fea44d90de0"

[solve-meta]
  analyzer-name = "dep"
  analyzer-version = 1
  inputs-digest = "71cac21976a3100a71bf9f499e818d06b5643bca39b9298eb6c09524bcd54322"
  solver-name = "gps-cdcl"
  solver-version = 1
